
Microsoft Visual Studio Solution File, Format Version 12.00
# Visual Studio Version 17
VisualStudioVersion = 17.7.34003.232
MinimumVisualStudioVersion = 10.0.40219.1
Project("{FAE04EC0-301F-11D3-BF4B-00C04F79EFBC}") = "ShopOnline.API", "ShopOnline.API\ShopOnline.API.csproj", "{0E52DD28-0F45-4058-83B3-0D4668DD56BF}"
EndProject
Global
	GlobalSection(SolutionConfigurationPlatforms) = preSolution
		Debug|Any CPU = Debug|Any CPU
		Release|Any CPU = Release|Any CPU
	EndGlobalSection
	GlobalSection(ProjectConfigurationPlatforms) = postSolution
		{0E52DD28-0F45-4058-83B3-0D4668DD56BF}.Debug|Any CPU.ActiveCfg = Debug|Any CPU
		{0E52DD28-0F45-4058-83B3-0D4668DD56BF}.Debug|Any CPU.Build.0 = Debug|Any CPU
		{0E52DD28-0F45-4058-83B3-0D4668DD56BF}.Release|Any CPU.ActiveCfg = Release|Any CPU
		{0E52DD28-0F45-4058-83B3-0D4668DD56BF}.Release|Any CPU.Build.0 = Release|Any CPU
	EndGlobalSection
	GlobalSection(SolutionProperties) = preSolution
		HideSolutionNode = FALSE
	EndGlobalSection
	GlobalSection(ExtensibilityGlobals) = postSolution
		SolutionGuid = {629A8CCA-D389-493E-A9CD-4A8936963CC7}
	EndGlobalSection
EndGlobal
