
Microsoft Visual Studio Solution File, Format Version 12.00
# Visual Studio Version 17
VisualStudioVersion = 17.7.34003.232
MinimumVisualStudioVersion = 10.0.40219.1
Project("{FAE04EC0-301F-11D3-BF4B-00C04F79EFBC}") = "ShopOnline Web", "ShopOnline Web\ShopOnline Web.csproj", "{7502C29B-70C8-43DD-BD06-F5967F663469}"
EndProject
Project("{FAE04EC0-301F-11D3-BF4B-00C04F79EFBC}") = "ShopOnline.Api", "ShopOnline.Api\ShopOnline.Api.csproj", "{C6581FB8-12C6-47B5-804B-5016DE902217}"
EndProject
Global
	GlobalSection(SolutionConfigurationPlatforms) = preSolution
		Debug|Any CPU = Debug|Any CPU
		Release|Any CPU = Release|Any CPU
	EndGlobalSection
	GlobalSection(ProjectConfigurationPlatforms) = postSolution
		{7502C29B-70C8-43DD-BD06-F5967F663469}.Debug|Any CPU.ActiveCfg = Debug|Any CPU
		{7502C29B-70C8-43DD-BD06-F5967F663469}.Debug|Any CPU.Build.0 = Debug|Any CPU
		{7502C29B-70C8-43DD-BD06-F5967F663469}.Release|Any CPU.ActiveCfg = Release|Any CPU
		{7502C29B-70C8-43DD-BD06-F5967F663469}.Release|Any CPU.Build.0 = Release|Any CPU
		{C6581FB8-12C6-47B5-804B-5016DE902217}.Debug|Any CPU.ActiveCfg = Debug|Any CPU
		{C6581FB8-12C6-47B5-804B-5016DE902217}.Debug|Any CPU.Build.0 = Debug|Any CPU
		{C6581FB8-12C6-47B5-804B-5016DE902217}.Release|Any CPU.ActiveCfg = Release|Any CPU
		{C6581FB8-12C6-47B5-804B-5016DE902217}.Release|Any CPU.Build.0 = Release|Any CPU
	EndGlobalSection
	GlobalSection(SolutionProperties) = preSolution
		HideSolutionNode = FALSE
	EndGlobalSection
	GlobalSection(ExtensibilityGlobals) = postSolution
		SolutionGuid = {446C27D0-A971-4257-932F-BD16558FFB37}
	EndGlobalSection
EndGlobal
