
Microsoft Visual Studio Solution File, Format Version 12.00
# Visual Studio Version 17
VisualStudioVersion = 17.7.34003.232
MinimumVisualStudioVersion = 10.0.40219.1
Project("{FAE04EC0-301F-11D3-BF4B-00C04F79EFBC}") = "EmployeeMgms", "EmployeeMgms\EmployeeMgms.csproj", "{1A16F43A-3540-49C9-8B41-33656DDEBA83}"
EndProject
Global
	GlobalSection(SolutionConfigurationPlatforms) = preSolution
		Debug|Any CPU = Debug|Any CPU
		Release|Any CPU = Release|Any CPU
	EndGlobalSection
	GlobalSection(ProjectConfigurationPlatforms) = postSolution
		{1A16F43A-3540-49C9-8B41-33656DDEBA83}.Debug|Any CPU.ActiveCfg = Debug|Any CPU
		{1A16F43A-3540-49C9-8B41-33656DDEBA83}.Debug|Any CPU.Build.0 = Debug|Any CPU
		{1A16F43A-3540-49C9-8B41-33656DDEBA83}.Release|Any CPU.ActiveCfg = Release|Any CPU
		{1A16F43A-3540-49C9-8B41-33656DDEBA83}.Release|Any CPU.Build.0 = Release|Any CPU
	EndGlobalSection
	GlobalSection(SolutionProperties) = preSolution
		HideSolutionNode = FALSE
	EndGlobalSection
	GlobalSection(ExtensibilityGlobals) = postSolution
		SolutionGuid = {A47FBC12-2325-49F0-BFE4-B288CB3FA906}
	EndGlobalSection
EndGlobal
